// !$*UTF8*$!
{
	archiveVersion = 1;
	classes = {
	};
	objectVersion = 77;
	objects = {

/* Begin PBXBuildFile section */
		29257106641149842BA46F12 /* LightController.swift in Sources */ = {isa = PBXBuildFile; fileRef = 9B04916F435AF88E8D460837 /* LightController.swift */; };
		5CB469EA69200EF2C9DD0E21 /* NeewerProtocol.swift in Sources */ = {isa = PBXBuildFile; fileRef = C082C8BD79A6D167756112EC /* NeewerProtocol.swift */; };
		8CBBCC1AA69687E15938A9E3 /* ColorWheel.swift in Sources */ = {isa = PBXBuildFile; fileRef = 5F75A2FD0FC67A2636E45290 /* ColorWheel.swift */; };
		ABE81FB6410E83BF07E1ED7D /* GlowApp.swift in Sources */ = {isa = PBXBuildFile; fileRef = E2748BC3E74111CEE77B063D /* GlowApp.swift */; };
		BCA4AC58665F8B8FE390376F /* ContentView.swift in Sources */ = {isa = PBXBuildFile; fileRef = 4433DB18421C4CA85750989B /* ContentView.swift */; };
		EE93B41A35C6ABC9D0A4261C /* Assets.xcassets in Resources */ = {isa = PBXBuildFile; fileRef = 600EBE5A4AACA57C2E934A09 /* Assets.xcassets */; };
/* End PBXBuildFile section */

/* Begin PBXFileReference section */
		0C223564EEBED64C6AE29894 /* Glow.app */ = {isa = PBXFileReference; includeInIndex = 0; lastKnownFileType = wrapper.application; path = Glow.app; sourceTree = BUILT_PRODUCTS_DIR; };
		4433DB18421C4CA85750989B /* ContentView.swift */ = {isa = PBXFileReference; lastKnownFileType = sourcecode.swift; path = ContentView.swift; sourceTree = "<group>"; };
		5F75A2FD0FC67A2636E45290 /* ColorWheel.swift */ = {isa = PBXFileReference; lastKnownFileType = sourcecode.swift; path = ColorWheel.swift; sourceTree = "<group>"; };
		600EBE5A4AACA57C2E934A09 /* Assets.xcassets */ = {isa = PBXFileReference; lastKnownFileType = folder.assetcatalog; path = Assets.xcassets; sourceTree = "<group>"; };
		9B04916F435AF88E8D460837 /* LightController.swift */ = {isa = PBXFileReference; lastKnownFileType = sourcecode.swift; path = LightController.swift; sourceTree = "<group>"; };
		C082C8BD79A6D167756112EC /* NeewerProtocol.swift */ = {isa = PBXFileReference; lastKnownFileType = sourcecode.swift; path = NeewerProtocol.swift; sourceTree = "<group>"; };
		E2748BC3E74111CEE77B063D /* GlowApp.swift */ = {isa = PBXFileReference; lastKnownFileType = sourcecode.swift; path = GlowApp.swift; sourceTree = "<group>"; };
/* End PBXFileReference section */

/* Begin PBXGroup section */
		118C38EAB65C56AEC85E9C57 /* Sources */ = {
			isa = PBXGroup;
			children = (
				600EBE5A4AACA57C2E934A09 /* Assets.xcassets */,
				5F75A2FD0FC67A2636E45290 /* ColorWheel.swift */,
				4433DB18421C4CA85750989B /* ContentView.swift */,
				E2748BC3E74111CEE77B063D /* GlowApp.swift */,
				9B04916F435AF88E8D460837 /* LightController.swift */,
				C082C8BD79A6D167756112EC /* NeewerProtocol.swift */,
			);
			path = Sources;
			sourceTree = "<group>";
		};
		7EFAA7FE354AD4D5F1AADD96 = {
			isa = PBXGroup;
			children = (
				118C38EAB65C56AEC85E9C57 /* Sources */,
				FB0DC75D1965ABA500F4F076 /* Products */,
			);
			sourceTree = "<group>";
		};
		FB0DC75D1965ABA500F4F076 /* Products */ = {
			isa = PBXGroup;
			children = (
				0C223564EEBED64C6AE29894 /* Glow.app */,
			);
			name = Products;
			sourceTree = "<group>";
		};
/* End PBXGroup section */

/* Begin PBXNativeTarget section */
		D8B26740CAB956DDDCF0D308 /* Glow */ = {
			isa = PBXNativeTarget;
			buildConfigurationList = DE1BA3081460F0FD6659E9CE /* Build configuration list for PBXNativeTarget "Glow" */;
			buildPhases = (
				C1B31A4C65D364170CD10953 /* Sources */,
				B334C7833323C73D058715E9 /* Resources */,
			);
			buildRules = (
			);
			dependencies = (
			);
			name = Glow;
			packageProductDependencies = (
			);
			productName = Glow;
			productReference = 0C223564EEBED64C6AE29894 /* Glow.app */;
			productType = "com.apple.product-type.application";
		};
/* End PBXNativeTarget section */

/* Begin PBXProject section */
		FF36CFF24B7452B3462358E4 /* Project object */ = {
			isa = PBXProject;
			attributes = {
				BuildIndependentTargetsInParallel = YES;
				LastUpgradeCheck = 1430;
				TargetAttributes = {
				};
			};
			buildConfigurationList = 7A33481E0481A2B7DC133E53 /* Build configuration list for PBXProject "Glow" */;
			developmentRegion = en;
			hasScannedForEncodings = 0;
			knownRegions = (
				Base,
				en,
			);
			mainGroup = 7EFAA7FE354AD4D5F1AADD96;
			minimizedProjectReferenceProxies = 1;
			preferredProjectObjectVersion = 77;
			productRefGroup = FB0DC75D1965ABA500F4F076 /* Products */;
			projectDirPath = "";
			projectRoot = "";
			targets = (
				D8B26740CAB956DDDCF0D308 /* Glow */,
			);
		};
/* End PBXProject section */

/* Begin PBXResourcesBuildPhase section */
		B334C7833323C73D058715E9 /* Resources */ = {
			isa = PBXResourcesBuildPhase;
			buildActionMask = 2147483647;
			files = (
				EE93B41A35C6ABC9D0A4261C /* Assets.xcassets in Resources */,
			);
			runOnlyForDeploymentPostprocessing = 0;
		};
/* End PBXResourcesBuildPhase section */

/* Begin PBXSourcesBuildPhase section */
		C1B31A4C65D364170CD10953 /* Sources */ = {
			isa = PBXSourcesBuildPhase;
			buildActionMask = 2147483647;
			files = (
				8CBBCC1AA69687E15938A9E3 /* ColorWheel.swift in Sources */,
				BCA4AC58665F8B8FE390376F /* ContentView.swift in Sources */,
				ABE81FB6410E83BF07E1ED7D /* GlowApp.swift in Sources */,
				29257106641149842BA46F12 /* LightController.swift in Sources */,
				5CB469EA69200EF2C9DD0E21 /* NeewerProtocol.swift in Sources */,
			);
			runOnlyForDeploymentPostprocessing = 0;
		};
/* End PBXSourcesBuildPhase section */

/* Begin XCBuildConfiguration section */
		307CF9B4BA03F800E93AA340 /* Release */ = {
			isa = XCBuildConfiguration;
			buildSettings = {
				ASSETCATALOG_COMPILER_APPICON_NAME = AppIcon;
				CODE_SIGN_IDENTITY = "iPhone Developer";
				CURRENT_PROJECT_VERSION = 1;
				GENERATE_INFOPLIST_FILE = YES;
				INFOPLIST_KEY_CFBundleDisplayName = Glow;
				INFOPLIST_KEY_NSBluetoothAlwaysUsageDescription = "Glow uses Bluetooth to discover and control your Neewer lights.";
				INFOPLIST_KEY_UIApplicationSceneManifest_Generation = YES;
				INFOPLIST_KEY_UILaunchScreen_Generation = YES;
				INFOPLIST_KEY_UISupportedInterfaceOrientations = UIInterfaceOrientationPortrait;
				LD_RUNPATH_SEARCH_PATHS = (
					"$(inherited)",
					"@executable_path/Frameworks",
				);
				MARKETING_VERSION = 1.0;
				PRODUCT_BUNDLE_IDENTIFIER = com.ciamac.glow;
				PRODUCT_NAME = Glow;
				SDKROOT = iphoneos;
				SWIFT_VERSION = 5.0;
				TARGETED_DEVICE_FAMILY = 1;
			};
			name = Release;
		};
		4F6038228BEA52498452B97C /* Release */ = {
			isa = XCBuildConfiguration;
			buildSettings = {
				ALWAYS_SEARCH_USER_PATHS = NO;
				CLANG_ANALYZER_NONNULL = YES;
				CLANG_ANALYZER_NUMBER_OBJECT_CONVERSION = YES_AGGRESSIVE;
				CLANG_CXX_LANGUAGE_STANDARD = "gnu++14";
				CLANG_CXX_LIBRARY = "libc++";
				CLANG_ENABLE_MODULES = YES;
				CLANG_ENABLE_OBJC_ARC = YES;
				CLANG_ENABLE_OBJC_WEAK = YES;
				CLANG_WARN_BLOCK_CAPTURE_AUTORELEASING = YES;
				CLANG_WARN_BOOL_CONVERSION = YES;
				CLANG_WARN_COMMA = YES;
				CLANG_WARN_CONSTANT_CONVERSION = YES;
				CLANG_WARN_DEPRECATED_OBJC_IMPLEMENTATIONS = YES;
				CLANG_WARN_DIRECT_OBJC_ISA_USAGE = YES_ERROR;
				CLANG_WARN_DOCUMENTATION_COMMENTS = YES;
				CLANG_WARN_EMPTY_BODY = YES;
				CLANG_WARN_ENUM_CONVERSION = YES;
				CLANG_WARN_INFINITE_RECURSION = YES;
				CLANG_WARN_INT_CONVERSION = YES;
				CLANG_WARN_NON_LITERAL_NULL_CONVERSION = YES;
				CLANG_WARN_OBJC_IMPLICIT_RETAIN_SELF = YES;
				CLANG_WARN_OBJC_LITERAL_CONVERSION = YES;
				CLANG_WARN_OBJC_ROOT_CLASS = YES_ERROR;
				CLANG_WARN_QUOTED_INCLUDE_IN_FRAMEWORK_HEADER = YES;
				CLANG_WARN_RANGE_LOOP_ANALYSIS = YES;
				CLANG_WARN_STRICT_PROTOTYPES = YES;
				CLANG_WARN_SUSPICIOUS_MOVE = YES;
				CLANG_WARN_UNGUARDED_AVAILABILITY = YES_AGGRESSIVE;
				CLANG_WARN_UNREACHABLE_CODE = YES;
				CLANG_WARN__DUPLICATE_METHOD_MATCH = YES;
				COPY_PHASE_STRIP = NO;
				DEBUG_INFORMATION_FORMAT = "dwarf-with-dsym";
				ENABLE_NS_ASSERTIONS = NO;
				ENABLE_STRICT_OBJC_MSGSEND = YES;
				GCC_C_LANGUAGE_STANDARD = gnu11;
				GCC_NO_COMMON_BLOCKS = YES;
				GCC_WARN_64_TO_32_BIT_CONVERSION = YES;
				GCC_WARN_ABOUT_RETURN_TYPE = YES_ERROR;
				GCC_WARN_UNDECLARED_SELECTOR = YES;
				GCC_WARN_UNINITIALIZED_AUTOS = YES_AGGRESSIVE;
				GCC_WARN_UNUSED_FUNCTION = YES;
				GCC_WARN_UNUSED_VARIABLE = YES;
				IPHONEOS_DEPLOYMENT_TARGET = 16.0;
				MTL_ENABLE_DEBUG_INFO = NO;
				MTL_FAST_MATH = YES;
				PRODUCT_NAME = "$(TARGET_NAME)";
				SDKROOT = iphoneos;
				SWIFT_COMPILATION_MODE = wholemodule;
				SWIFT_OPTIMIZATION_LEVEL = "-O";
				SWIFT_VERSION = 5.0;
			};
			name = Release;
		};
		9A430A30766519C286FF1469 /* Debug */ = {
			isa = XCBuildConfiguration;
			buildSettings = {
				ASSETCATALOG_COMPILER_APPICON_NAME = AppIcon;
				CODE_SIGN_IDENTITY = "iPhone Developer";
				CURRENT_PROJECT_VERSION = 1;
				GENERATE_INFOPLIST_FILE = YES;
				INFOPLIST_KEY_CFBundleDisplayName = Glow;
				INFOPLIST_KEY_NSBluetoothAlwaysUsageDescription = "Glow uses Bluetooth to discover and control your Neewer lights.";
				INFOPLIST_KEY_UIApplicationSceneManifest_Generation = YES;
				INFOPLIST_KEY_UILaunchScreen_Generation = YES;
				INFOPLIST_KEY_UISupportedInterfaceOrientations = UIInterfaceOrientationPortrait;
				LD_RUNPATH_SEARCH_PATHS = (
					"$(inherited)",
					"@executable_path/Frameworks",
				);
				MARKETING_VERSION = 1.0;
				PRODUCT_BUNDLE_IDENTIFIER = com.ciamac.glow;
				PRODUCT_NAME = Glow;
				SDKROOT = iphoneos;
				SWIFT_VERSION = 5.0;
				TARGETED_DEVICE_FAMILY = 1;
			};
			name = Debug;
		};
		CE7121FB1F5CDECC9D8A6606 /* Debug */ = {
			isa = XCBuildConfiguration;
			buildSettings = {
				ALWAYS_SEARCH_USER_PATHS = NO;
				CLANG_ANALYZER_NONNULL = YES;
				CLANG_ANALYZER_NUMBER_OBJECT_CONVERSION = YES_AGGRESSIVE;
				CLANG_CXX_LANGUAGE_STANDARD = "gnu++14";
				CLANG_CXX_LIBRARY = "libc++";
				CLANG_ENABLE_MODULES = YES;
				CLANG_ENABLE_OBJC_ARC = YES;
				CLANG_ENABLE_OBJC_WEAK = YES;
				CLANG_WARN_BLOCK_CAPTURE_AUTORELEASING = YES;
				CLANG_WARN_BOOL_CONVERSION = YES;
				CLANG_WARN_COMMA = YES;
				CLANG_WARN_CONSTANT_CONVERSION = YES;
				CLANG_WARN_DEPRECATED_OBJC_IMPLEMENTATIONS = YES;
				CLANG_WARN_DIRECT_OBJC_ISA_USAGE = YES_ERROR;
				CLANG_WARN_DOCUMENTATION_COMMENTS = YES;
				CLANG_WARN_EMPTY_BODY = YES;
				CLANG_WARN_ENUM_CONVERSION = YES;
				CLANG_WARN_INFINITE_RECURSION = YES;
				CLANG_WARN_INT_CONVERSION = YES;
				CLANG_WARN_NON_LITERAL_NULL_CONVERSION = YES;
				CLANG_WARN_OBJC_IMPLICIT_RETAIN_SELF = YES;
				CLANG_WARN_OBJC_LITERAL_CONVERSION = YES;
				CLANG_WARN_OBJC_ROOT_CLASS = YES_ERROR;
				CLANG_WARN_QUOTED_INCLUDE_IN_FRAMEWORK_HEADER = YES;
				CLANG_WARN_RANGE_LOOP_ANALYSIS = YES;
				CLANG_WARN_STRICT_PROTOTYPES = YES;
				CLANG_WARN_SUSPICIOUS_MOVE = YES;
				CLANG_WARN_UNGUARDED_AVAILABILITY = YES_AGGRESSIVE;
				CLANG_WARN_UNREACHABLE_CODE = YES;
				CLANG_WARN__DUPLICATE_METHOD_MATCH = YES;
				COPY_PHASE_STRIP = NO;
				DEBUG_INFORMATION_FORMAT = dwarf;
				ENABLE_STRICT_OBJC_MSGSEND = YES;
				ENABLE_TESTABILITY = YES;
				GCC_C_LANGUAGE_STANDARD = gnu11;
				GCC_DYNAMIC_NO_PIC = NO;
				GCC_NO_COMMON_BLOCKS = YES;
				GCC_OPTIMIZATION_LEVEL = 0;
				GCC_PREPROCESSOR_DEFINITIONS = (
					"$(inherited)",
					"DEBUG=1",
				);
				GCC_WARN_64_TO_32_BIT_CONVERSION = YES;
				GCC_WARN_ABOUT_RETURN_TYPE = YES_ERROR;
				GCC_WARN_UNDECLARED_SELECTOR = YES;
				GCC_WARN_UNINITIALIZED_AUTOS = YES_AGGRESSIVE;
				GCC_WARN_UNUSED_FUNCTION = YES;
				GCC_WARN_UNUSED_VARIABLE = YES;
				IPHONEOS_DEPLOYMENT_TARGET = 16.0;
				MTL_ENABLE_DEBUG_INFO = INCLUDE_SOURCE;
				MTL_FAST_MATH = YES;
				ONLY_ACTIVE_ARCH = YES;
				PRODUCT_NAME = "$(TARGET_NAME)";
				SDKROOT = iphoneos;
				SWIFT_ACTIVE_COMPILATION_CONDITIONS = DEBUG;
				SWIFT_OPTIMIZATION_LEVEL = "-Onone";
				SWIFT_VERSION = 5.0;
			};
			name = Debug;
		};
/* End XCBuildConfiguration section */

/* Begin XCConfigurationList section */
		7A33481E0481A2B7DC133E53 /* Build configuration list for PBXProject "Glow" */ = {
			isa = XCConfigurationList;
			buildConfigurations = (
				CE7121FB1F5CDECC9D8A6606 /* Debug */,
				4F6038228BEA52498452B97C /* Release */,
			);
			defaultConfigurationIsVisible = 0;
			defaultConfigurationName = Debug;
		};
		DE1BA3081460F0FD6659E9CE /* Build configuration list for PBXNativeTarget "Glow" */ = {
			isa = XCConfigurationList;
			buildConfigurations = (
				9A430A30766519C286FF1469 /* Debug */,
				307CF9B4BA03F800E93AA340 /* Release */,
			);
			defaultConfigurationIsVisible = 0;
			defaultConfigurationName = Debug;
		};
/* End XCConfigurationList section */
	};
	rootObject = FF36CFF24B7452B3462358E4 /* Project object */;
}
